
Microsoft Visual Studio Solution File, Format Version 12.00
# Visual Studio 15
VisualStudioVersion = 15.0.28010.2036
MinimumVisualStudioVersion = 10.0.40219.1
Project("{FAE04EC0-301F-11D3-BF4B-00C04F79EFBC}") = "zoa.compiler", "zoa.compiler\zoa.compiler.csproj", "{6F7E7AB0-7E86-497D-9CD8-1CEBD588B151}"
EndProject
Project("{FAE04EC0-301F-11D3-BF4B-00C04F79EFBC}") = "zoa.compiler.commandline", "zoa.compiler.commandline\zoa.compiler.commandline.csproj", "{6B1DD338-9543-4A70-92A4-70DE84442627}"
EndProject
Project("{FAE04EC0-301F-11D3-BF4B-00C04F79EFBC}") = "zoa.compiler.tests", "zoa.compiler.tests\zoa.compiler.tests.csproj", "{2E043E9B-A757-48C2-B25C-2A73140A2CD6}"
EndProject
Global
	GlobalSection(SolutionConfigurationPlatforms) = preSolution
		Debug|Any CPU = Debug|Any CPU
		Release|Any CPU = Release|Any CPU
	EndGlobalSection
	GlobalSection(ProjectConfigurationPlatforms) = postSolution
		{6F7E7AB0-7E86-497D-9CD8-1CEBD588B151}.Debug|Any CPU.ActiveCfg = Debug|Any CPU
		{6F7E7AB0-7E86-497D-9CD8-1CEBD588B151}.Debug|Any CPU.Build.0 = Debug|Any CPU
		{6F7E7AB0-7E86-497D-9CD8-1CEBD588B151}.Release|Any CPU.ActiveCfg = Release|Any CPU
		{6F7E7AB0-7E86-497D-9CD8-1CEBD588B151}.Release|Any CPU.Build.0 = Release|Any CPU
		{6B1DD338-9543-4A70-92A4-70DE84442627}.Debug|Any CPU.ActiveCfg = Debug|Any CPU
		{6B1DD338-9543-4A70-92A4-70DE84442627}.Debug|Any CPU.Build.0 = Debug|Any CPU
		{6B1DD338-9543-4A70-92A4-70DE84442627}.Release|Any CPU.ActiveCfg = Release|Any CPU
		{6B1DD338-9543-4A70-92A4-70DE84442627}.Release|Any CPU.Build.0 = Release|Any CPU
		{2E043E9B-A757-48C2-B25C-2A73140A2CD6}.Debug|Any CPU.ActiveCfg = Debug|Any CPU
		{2E043E9B-A757-48C2-B25C-2A73140A2CD6}.Debug|Any CPU.Build.0 = Debug|Any CPU
		{2E043E9B-A757-48C2-B25C-2A73140A2CD6}.Release|Any CPU.ActiveCfg = Release|Any CPU
		{2E043E9B-A757-48C2-B25C-2A73140A2CD6}.Release|Any CPU.Build.0 = Release|Any CPU
	EndGlobalSection
	GlobalSection(SolutionProperties) = preSolution
		HideSolutionNode = FALSE
	EndGlobalSection
	GlobalSection(ExtensibilityGlobals) = postSolution
		SolutionGuid = {148F8523-DA26-4E41-84D9-53C8FB0F70BE}
	EndGlobalSection
	GlobalSection(MonoDevelopProperties) = preSolution
		Policies = $0
		$0.DotNetNamingPolicy = $1
		$1.DirectoryNamespaceAssociation = PrefixedHierarchical
		$0.TextStylePolicy = $2
		$2.FileWidth = 80
		$2.TabsToSpaces = True
		$2.scope = text/x-csharp
		$0.CSharpFormattingPolicy = $3
		$3.NewLinesForBracesInTypes = False
		$3.NewLinesForBracesInMethods = False
		$3.NewLinesForBracesInProperties = False
		$3.NewLinesForBracesInAccessors = False
		$3.NewLinesForBracesInAnonymousMethods = False
		$3.NewLinesForBracesInControlBlocks = False
		$3.NewLinesForBracesInAnonymousTypes = False
		$3.NewLinesForBracesInObjectCollectionArrayInitializers = False
		$3.NewLinesForBracesInLambdaExpressionBody = False
		$3.scope = text/x-csharp
		$0.StandardHeader = $4
	EndGlobalSection
EndGlobal
